
Microsoft Visual Studio Solution File, Format Version 12.00
# Visual Studio Version 17
VisualStudioVersion = 17.10.35027.167
MinimumVisualStudioVersion = 10.0.40219.1
Project("{2150E333-8FDC-42A3-9474-1A3956D46DE8}") = "FrontEnd", "FrontEnd", "{ED18965A-98DA-42F8-997A-2D55E124D74B}"
EndProject
Project("{2150E333-8FDC-42A3-9474-1A3956D46DE8}") = "Gateway", "Gateway", "{5BB2A0B2-E80C-45EC-8F7A-1AFBB01223F1}"
EndProject
Project("{2150E333-8FDC-42A3-9474-1A3956D46DE8}") = "Integration", "Integration", "{6B844520-BDF5-47E5-8A6A-1C4343139B8D}"
EndProject
Project("{2150E333-8FDC-42A3-9474-1A3956D46DE8}") = "Services", "Services", "{81EFB591-E467-4ABD-A29E-6AAFFC373187}"
EndProject
Project("{FAE04EC0-301F-11D3-BF4B-00C04F79EFBC}") = "Mango.Services.CouponAPI", "Mango.Services.CouponAPI\Mango.Services.CouponAPI.csproj", "{19264801-5591-4CAB-9D33-B385BA72CCE2}"
EndProject
Global
	GlobalSection(SolutionConfigurationPlatforms) = preSolution
		Debug|Any CPU = Debug|Any CPU
		Release|Any CPU = Release|Any CPU
	EndGlobalSection
	GlobalSection(ProjectConfigurationPlatforms) = postSolution
		{19264801-5591-4CAB-9D33-B385BA72CCE2}.Debug|Any CPU.ActiveCfg = Debug|Any CPU
		{19264801-5591-4CAB-9D33-B385BA72CCE2}.Debug|Any CPU.Build.0 = Debug|Any CPU
		{19264801-5591-4CAB-9D33-B385BA72CCE2}.Release|Any CPU.ActiveCfg = Release|Any CPU
		{19264801-5591-4CAB-9D33-B385BA72CCE2}.Release|Any CPU.Build.0 = Release|Any CPU
	EndGlobalSection
	GlobalSection(SolutionProperties) = preSolution
		HideSolutionNode = FALSE
	EndGlobalSection
	GlobalSection(NestedProjects) = preSolution
		{19264801-5591-4CAB-9D33-B385BA72CCE2} = {81EFB591-E467-4ABD-A29E-6AAFFC373187}
	EndGlobalSection
	GlobalSection(ExtensibilityGlobals) = postSolution
		SolutionGuid = {8FB3540E-918A-4FBB-B02C-535F2D395DF5}
	EndGlobalSection
EndGlobal
